
Microsoft Visual Studio Solution File, Format Version 12.00
# Visual Studio Version 16
VisualStudioVersion = 16.0.29609.76
MinimumVisualStudioVersion = 10.0.40219.1
Project("{9A19103F-16F7-4668-BE54-9A1E7A4F7556}") = "taohi_backend", "taohi_backend\taohi_backend.csproj", "{88AEA5FC-048A-463F-89E7-80A3F0B22ED7}"
EndProject
Project("{9A19103F-16F7-4668-BE54-9A1E7A4F7556}") = "taohi_backend.Shared", "taohi_backend.Shared\taohi_backend.Shared.csproj", "{BBF2E7B1-5161-41D1-9F46-D229E68B0BF0}"
EndProject
Global
	GlobalSection(SolutionConfigurationPlatforms) = preSolution
		Debug|Any CPU = Debug|Any CPU
		Release|Any CPU = Release|Any CPU
	EndGlobalSection
	GlobalSection(ProjectConfigurationPlatforms) = postSolution
		{88AEA5FC-048A-463F-89E7-80A3F0B22ED7}.Debug|Any CPU.ActiveCfg = Debug|Any CPU
		{88AEA5FC-048A-463F-89E7-80A3F0B22ED7}.Debug|Any CPU.Build.0 = Debug|Any CPU
		{88AEA5FC-048A-463F-89E7-80A3F0B22ED7}.Release|Any CPU.ActiveCfg = Release|Any CPU
		{88AEA5FC-048A-463F-89E7-80A3F0B22ED7}.Release|Any CPU.Build.0 = Release|Any CPU
		{BBF2E7B1-5161-41D1-9F46-D229E68B0BF0}.Debug|Any CPU.ActiveCfg = Debug|Any CPU
		{BBF2E7B1-5161-41D1-9F46-D229E68B0BF0}.Debug|Any CPU.Build.0 = Debug|Any CPU
		{BBF2E7B1-5161-41D1-9F46-D229E68B0BF0}.Release|Any CPU.ActiveCfg = Release|Any CPU
		{BBF2E7B1-5161-41D1-9F46-D229E68B0BF0}.Release|Any CPU.Build.0 = Release|Any CPU
	EndGlobalSection
	GlobalSection(SolutionProperties) = preSolution
		HideSolutionNode = FALSE
	EndGlobalSection
	GlobalSection(ExtensibilityGlobals) = postSolution
		SolutionGuid = {A3468DF5-5223-40CB-A005-B978809B5253}
	EndGlobalSection
EndGlobal
